// !$*UTF8*$!
{
	archiveVersion = 1;
	classes = {
	};
	objectVersion = 48;
	objects = {

/* Begin PBXBuildFile section */
		52BB7AA11FCC591600417380 /* AppDelegate.swift in Sources */ = {isa = PBXBuildFile; fileRef = 52BB7AA01FCC591600417380 /* AppDelegate.swift */; };
		52BB7AA31FCC591600417380 /* ViewController.swift in Sources */ = {isa = PBXBuildFile; fileRef = 52BB7AA21FCC591600417380 /* ViewController.swift */; };
		52BB7AA61FCC591600417380 /* Main.storyboard in Resources */ = {isa = PBXBuildFile; fileRef = 52BB7AA41FCC591600417380 /* Main.storyboard */; };
		52BB7AA91FCC591600417380 /* DemoUISwitch.xcdatamodeld in Sources */ = {isa = PBXBuildFile; fileRef = 52BB7AA71FCC591600417380 /* DemoUISwitch.xcdatamodeld */; };
		52BB7AAB1FCC591600417380 /* Assets.xcassets in Resources */ = {isa = PBXBuildFile; fileRef = 52BB7AAA1FCC591600417380 /* Assets.xcassets */; };
		52BB7AAE1FCC591600417380 /* LaunchScreen.storyboard in Resources */ = {isa = PBXBuildFile; fileRef = 52BB7AAC1FCC591600417380 /* LaunchScreen.storyboard */; };
		52BB7AB91FCC591600417380 /* DemoUISwitchTests.swift in Sources */ = {isa = PBXBuildFile; fileRef = 52BB7AB81FCC591600417380 /* DemoUISwitchTests.swift */; };
		52BB7AC41FCC591600417380 /* DemoUISwitchUITests.swift in Sources */ = {isa = PBXBuildFile; fileRef = 52BB7AC31FCC591600417380 /* DemoUISwitchUITests.swift */; };
/* End PBXBuildFile section */

/* Begin PBXContainerItemProxy section */
		52BB7AB51FCC591600417380 /* PBXContainerItemProxy */ = {
			isa = PBXContainerItemProxy;
			containerPortal = 52BB7A951FCC591500417380 /* Project object */;
			proxyType = 1;
			remoteGlobalIDString = 52BB7A9C1FCC591600417380;
			remoteInfo = DemoUISwitch;
		};
		52BB7AC01FCC591600417380 /* PBXContainerItemProxy */ = {
			isa = PBXContainerItemProxy;
			containerPortal = 52BB7A951FCC591500417380 /* Project object */;
			proxyType = 1;
			remoteGlobalIDString = 52BB7A9C1FCC591600417380;
			remoteInfo = DemoUISwitch;
		};
/* End PBXContainerItemProxy section */

/* Begin PBXFileReference section */
		52BB7A9D1FCC591600417380 /* DemoUISwitch.app */ = {isa = PBXFileReference; explicitFileType = wrapper.application; includeInIndex = 0; path = DemoUISwitch.app; sourceTree = BUILT_PRODUCTS_DIR; };
		52BB7AA01FCC591600417380 /* AppDelegate.swift */ = {isa = PBXFileReference; lastKnownFileType = sourcecode.swift; path = AppDelegate.swift; sourceTree = "<group>"; };
		52BB7AA21FCC591600417380 /* ViewController.swift */ = {isa = PBXFileReference; lastKnownFileType = sourcecode.swift; path = ViewController.swift; sourceTree = "<group>"; };
		52BB7AA51FCC591600417380 /* Base */ = {isa = PBXFileReference; lastKnownFileType = file.storyboard; name = Base; path = Base.lproj/Main.storyboard; sourceTree = "<group>"; };
		52BB7AA81FCC591600417380 /* DemoUISwitch.xcdatamodel */ = {isa = PBXFileReference; lastKnownFileType = wrapper.xcdatamodel; path = DemoUISwitch.xcdatamodel; sourceTree = "<group>"; };
		52BB7AAA1FCC591600417380 /* Assets.xcassets */ = {isa = PBXFileReference; lastKnownFileType = folder.assetcatalog; path = Assets.xcassets; sourceTree = "<group>"; };
		52BB7AAD1FCC591600417380 /* Base */ = {isa = PBXFileReference; lastKnownFileType = file.storyboard; name = Base; path = Base.lproj/LaunchScreen.storyboard; sourceTree = "<group>"; };
		52BB7AAF1FCC591600417380 /* Info.plist */ = {isa = PBXFileReference; lastKnownFileType = text.plist.xml; path = Info.plist; sourceTree = "<group>"; };
		52BB7AB41FCC591600417380 /* DemoUISwitchTests.xctest */ = {isa = PBXFileReference; explicitFileType = wrapper.cfbundle; includeInIndex = 0; path = DemoUISwitchTests.xctest; sourceTree = BUILT_PRODUCTS_DIR; };
		52BB7AB81FCC591600417380 /* DemoUISwitchTests.swift */ = {isa = PBXFileReference; lastKnownFileType = sourcecode.swift; path = DemoUISwitchTests.swift; sourceTree = "<group>"; };
		52BB7ABA1FCC591600417380 /* Info.plist */ = {isa = PBXFileReference; lastKnownFileType = text.plist.xml; path = Info.plist; sourceTree = "<group>"; };
		52BB7ABF1FCC591600417380 /* DemoUISwitchUITests.xctest */ = {isa = PBXFileReference; explicitFileType = wrapper.cfbundle; includeInIndex = 0; path = DemoUISwitchUITests.xctest; sourceTree = BUILT_PRODUCTS_DIR; };
		52BB7AC31FCC591600417380 /* DemoUISwitchUITests.swift */ = {isa = PBXFileReference; lastKnownFileType = sourcecode.swift; path = DemoUISwitchUITests.swift; sourceTree = "<group>"; };
		52BB7AC51FCC591600417380 /* Info.plist */ = {isa = PBXFileReference; lastKnownFileType = text.plist.xml; path = Info.plist; sourceTree = "<group>"; };
/* End PBXFileReference section */

/* Begin PBXFrameworksBuildPhase section */
		52BB7A9A1FCC591600417380 /* Frameworks */ = {
			isa = PBXFrameworksBuildPhase;
			buildActionMask = 2147483647;
			files = (
			);
			runOnlyForDeploymentPostprocessing = 0;
		};
		52BB7AB11FCC591600417380 /* Frameworks */ = {
			isa = PBXFrameworksBuildPhase;
			buildActionMask = 2147483647;
			files = (
			);
			runOnlyForDeploymentPostprocessing = 0;
		};
		52BB7ABC1FCC591600417380 /* Frameworks */ = {
			isa = PBXFrameworksBuildPhase;
			buildActionMask = 2147483647;
			files = (
			);
			runOnlyForDeploymentPostprocessing = 0;
		};
/* End PBXFrameworksBuildPhase section */

/* Begin PBXGroup section */
		52BB7A941FCC591500417380 = {
			isa = PBXGroup;
			children = (
				52BB7A9F1FCC591600417380 /* DemoUISwitch */,
				52BB7AB71FCC591600417380 /* DemoUISwitchTests */,
				52BB7AC21FCC591600417380 /* DemoUISwitchUITests */,
				52BB7A9E1FCC591600417380 /* Products */,
			);
			sourceTree = "<group>";
		};
		52BB7A9E1FCC591600417380 /* Products */ = {
			isa = PBXGroup;
			children = (
				52BB7A9D1FCC591600417380 /* DemoUISwitch.app */,
				52BB7AB41FCC591600417380 /* DemoUISwitchTests.xctest */,
				52BB7ABF1FCC591600417380 /* DemoUISwitchUITests.xctest */,
			);
			name = Products;
			sourceTree = "<group>";
		};
		52BB7A9F1FCC591600417380 /* DemoUISwitch */ = {
			isa = PBXGroup;
			children = (
				52BB7AA01FCC591600417380 /* AppDelegate.swift */,
				52BB7AA21FCC591600417380 /* ViewController.swift */,
				52BB7AA41FCC591600417380 /* Main.storyboard */,
				52BB7AAA1FCC591600417380 /* Assets.xcassets */,
				52BB7AAC1FCC591600417380 /* LaunchScreen.storyboard */,
				52BB7AAF1FCC591600417380 /* Info.plist */,
				52BB7AA71FCC591600417380 /* DemoUISwitch.xcdatamodeld */,
			);
			path = DemoUISwitch;
			sourceTree = "<group>";
		};
		52BB7AB71FCC591600417380 /* DemoUISwitchTests */ = {
			isa = PBXGroup;
			children = (
				52BB7AB81FCC591600417380 /* DemoUISwitchTests.swift */,
				52BB7ABA1FCC591600417380 /* Info.plist */,
			);
			path = DemoUISwitchTests;
			sourceTree = "<group>";
		};
		52BB7AC21FCC591600417380 /* DemoUISwitchUITests */ = {
			isa = PBXGroup;
			children = (
				52BB7AC31FCC591600417380 /* DemoUISwitchUITests.swift */,
				52BB7AC51FCC591600417380 /* Info.plist */,
			);
			path = DemoUISwitchUITests;
			sourceTree = "<group>";
		};
/* End PBXGroup section */

/* Begin PBXNativeTarget section */
		52BB7A9C1FCC591600417380 /* DemoUISwitch */ = {
			isa = PBXNativeTarget;
			buildConfigurationList = 52BB7AC81FCC591600417380 /* Build configuration list for PBXNativeTarget "DemoUISwitch" */;
			buildPhases = (
				52BB7A991FCC591600417380 /* Sources */,
				52BB7A9A1FCC591600417380 /* Frameworks */,
				52BB7A9B1FCC591600417380 /* Resources */,
			);
			buildRules = (
			);
			dependencies = (
			);
			name = DemoUISwitch;
			productName = DemoUISwitch;
			productReference = 52BB7A9D1FCC591600417380 /* DemoUISwitch.app */;
			productType = "com.apple.product-type.application";
		};
		52BB7AB31FCC591600417380 /* DemoUISwitchTests */ = {
			isa = PBXNativeTarget;
			buildConfigurationList = 52BB7ACB1FCC591600417380 /* Build configuration list for PBXNativeTarget "DemoUISwitchTests" */;
			buildPhases = (
				52BB7AB01FCC591600417380 /* Sources */,
				52BB7AB11FCC591600417380 /* Frameworks */,
				52BB7AB21FCC591600417380 /* Resources */,
			);
			buildRules = (
			);
			dependencies = (
				52BB7AB61FCC591600417380 /* PBXTargetDependency */,
			);
			name = DemoUISwitchTests;
			productName = DemoUISwitchTests;
			productReference = 52BB7AB41FCC591600417380 /* DemoUISwitchTests.xctest */;
			productType = "com.apple.product-type.bundle.unit-test";
		};
		52BB7ABE1FCC591600417380 /* DemoUISwitchUITests */ = {
			isa = PBXNativeTarget;
			buildConfigurationList = 52BB7ACE1FCC591600417380 /* Build configuration list for PBXNativeTarget "DemoUISwitchUITests" */;
			buildPhases = (
				52BB7ABB1FCC591600417380 /* Sources */,
				52BB7ABC1FCC591600417380 /* Frameworks */,
				52BB7ABD1FCC591600417380 /* Resources */,
			);
			buildRules = (
			);
			dependencies = (
				52BB7AC11FCC591600417380 /* PBXTargetDependency */,
			);
			name = DemoUISwitchUITests;
			productName = DemoUISwitchUITests;
			productReference = 52BB7ABF1FCC591600417380 /* DemoUISwitchUITests.xctest */;
			productType = "com.apple.product-type.bundle.ui-testing";
		};
/* End PBXNativeTarget section */

/* Begin PBXProject section */
		52BB7A951FCC591500417380 /* Project object */ = {
			isa = PBXProject;
			attributes = {
				LastSwiftUpdateCheck = 0910;
				LastUpgradeCheck = 0910;
				ORGANIZATIONNAME = TK;
				TargetAttributes = {
					52BB7A9C1FCC591600417380 = {
						CreatedOnToolsVersion = 9.1;
						ProvisioningStyle = Automatic;
					};
					52BB7AB31FCC591600417380 = {
						CreatedOnToolsVersion = 9.1;
						ProvisioningStyle = Automatic;
						TestTargetID = 52BB7A9C1FCC591600417380;
					};
					52BB7ABE1FCC591600417380 = {
						CreatedOnToolsVersion = 9.1;
						ProvisioningStyle = Automatic;
						TestTargetID = 52BB7A9C1FCC591600417380;
					};
				};
			};
			buildConfigurationList = 52BB7A981FCC591500417380 /* Build configuration list for PBXProject "DemoUISwitch" */;
			compatibilityVersion = "Xcode 8.0";
			developmentRegion = en;
			hasScannedForEncodings = 0;
			knownRegions = (
				en,
				Base,
			);
			mainGroup = 52BB7A941FCC591500417380;
			productRefGroup = 52BB7A9E1FCC591600417380 /* Products */;
			projectDirPath = "";
			projectRoot = "";
			targets = (
				52BB7A9C1FCC591600417380 /* DemoUISwitch */,
				52BB7AB31FCC591600417380 /* DemoUISwitchTests */,
				52BB7ABE1FCC591600417380 /* DemoUISwitchUITests */,
			);
		};
/* End PBXProject section */

/* Begin PBXResourcesBuildPhase section */
		52BB7A9B1FCC591600417380 /* Resources */ = {
			isa = PBXResourcesBuildPhase;
			buildActionMask = 2147483647;
			files = (
				52BB7AAE1FCC591600417380 /* LaunchScreen.storyboard in Resources */,
				52BB7AAB1FCC591600417380 /* Assets.xcassets in Resources */,
				52BB7AA61FCC591600417380 /* Main.storyboard in Resources */,
			);
			runOnlyForDeploymentPostprocessing = 0;
		};
		52BB7AB21FCC591600417380 /* Resources */ = {
			isa = PBXResourcesBuildPhase;
			buildActionMask = 2147483647;
			files = (
			);
			runOnlyForDeploymentPostprocessing = 0;
		};
		52BB7ABD1FCC591600417380 /* Resources */ = {
			isa = PBXResourcesBuildPhase;
			buildActionMask = 2147483647;
			files = (
			);
			runOnlyForDeploymentPostprocessing = 0;
		};
/* End PBXResourcesBuildPhase section */

/* Begin PBXSourcesBuildPhase section */
		52BB7A991FCC591600417380 /* Sources */ = {
			isa = PBXSourcesBuildPhase;
			buildActionMask = 2147483647;
			files = (
				52BB7AA31FCC591600417380 /* ViewController.swift in Sources */,
				52BB7AA91FCC591600417380 /* DemoUISwitch.xcdatamodeld in Sources */,
				52BB7AA11FCC591600417380 /* AppDelegate.swift in Sources */,
			);
			runOnlyForDeploymentPostprocessing = 0;
		};
		52BB7AB01FCC591600417380 /* Sources */ = {
			isa = PBXSourcesBuildPhase;
			buildActionMask = 2147483647;
			files = (
				52BB7AB91FCC591600417380 /* DemoUISwitchTests.swift in Sources */,
			);
			runOnlyForDeploymentPostprocessing = 0;
		};
		52BB7ABB1FCC591600417380 /* Sources */ = {
			isa = PBXSourcesBuildPhase;
			buildActionMask = 2147483647;
			files = (
				52BB7AC41FCC591600417380 /* DemoUISwitchUITests.swift in Sources */,
			);
			runOnlyForDeploymentPostprocessing = 0;
		};
/* End PBXSourcesBuildPhase section */

/* Begin PBXTargetDependency section */
		52BB7AB61FCC591600417380 /* PBXTargetDependency */ = {
			isa = PBXTargetDependency;
			target = 52BB7A9C1FCC591600417380 /* DemoUISwitch */;
			targetProxy = 52BB7AB51FCC591600417380 /* PBXContainerItemProxy */;
		};
		52BB7AC11FCC591600417380 /* PBXTargetDependency */ = {
			isa = PBXTargetDependency;
			target = 52BB7A9C1FCC591600417380 /* DemoUISwitch */;
			targetProxy = 52BB7AC01FCC591600417380 /* PBXContainerItemProxy */;
		};
/* End PBXTargetDependency section */

/* Begin PBXVariantGroup section */
		52BB7AA41FCC591600417380 /* Main.storyboard */ = {
			isa = PBXVariantGroup;
			children = (
				52BB7AA51FCC591600417380 /* Base */,
			);
			name = Main.storyboard;
			sourceTree = "<group>";
		};
		52BB7AAC1FCC591600417380 /* LaunchScreen.storyboard */ = {
			isa = PBXVariantGroup;
			children = (
				52BB7AAD1FCC591600417380 /* Base */,
			);
			name = LaunchScreen.storyboard;
			sourceTree = "<group>";
		};
/* End PBXVariantGroup section */

/* Begin XCBuildConfiguration section */
		52BB7AC61FCC591600417380 /* Debug */ = {
			isa = XCBuildConfiguration;
			buildSettings = {
				ALWAYS_SEARCH_USER_PATHS = NO;
				CLANG_ANALYZER_NONNULL = YES;
				CLANG_ANALYZER_NUMBER_OBJECT_CONVERSION = YES_AGGRESSIVE;
				CLANG_CXX_LANGUAGE_STANDARD = "gnu++14";
				CLANG_CXX_LIBRARY = "libc++";
				CLANG_ENABLE_MODULES = YES;
				CLANG_ENABLE_OBJC_ARC = YES;
				CLANG_WARN_BLOCK_CAPTURE_AUTORELEASING = YES;
				CLANG_WARN_BOOL_CONVERSION = YES;
				CLANG_WARN_COMMA = YES;
				CLANG_WARN_CONSTANT_CONVERSION = YES;
				CLANG_WARN_DIRECT_OBJC_ISA_USAGE = YES_ERROR;
				CLANG_WARN_DOCUMENTATION_COMMENTS = YES;
				CLANG_WARN_EMPTY_BODY = YES;
				CLANG_WARN_ENUM_CONVERSION = YES;
				CLANG_WARN_INFINITE_RECURSION = YES;
				CLANG_WARN_INT_CONVERSION = YES;
				CLANG_WARN_NON_LITERAL_NULL_CONVERSION = YES;
				CLANG_WARN_OBJC_LITERAL_CONVERSION = YES;
				CLANG_WARN_OBJC_ROOT_CLASS = YES_ERROR;
				CLANG_WARN_RANGE_LOOP_ANALYSIS = YES;
				CLANG_WARN_STRICT_PROTOTYPES = YES;
				CLANG_WARN_SUSPICIOUS_MOVE = YES;
				CLANG_WARN_UNGUARDED_AVAILABILITY = YES_AGGRESSIVE;
				CLANG_WARN_UNREACHABLE_CODE = YES;
				CLANG_WARN__DUPLICATE_METHOD_MATCH = YES;
				CODE_SIGN_IDENTITY = "iPhone Developer";
				COPY_PHASE_STRIP = NO;
				DEBUG_INFORMATION_FORMAT = dwarf;
				ENABLE_STRICT_OBJC_MSGSEND = YES;
				ENABLE_TESTABILITY = YES;
				GCC_C_LANGUAGE_STANDARD = gnu11;
				GCC_DYNAMIC_NO_PIC = NO;
				GCC_NO_COMMON_BLOCKS = YES;
				GCC_OPTIMIZATION_LEVEL = 0;
				GCC_PREPROCESSOR_DEFINITIONS = (
					"DEBUG=1",
					"$(inherited)",
				);
				GCC_WARN_64_TO_32_BIT_CONVERSION = YES;
				GCC_WARN_ABOUT_RETURN_TYPE = YES_ERROR;
				GCC_WARN_UNDECLARED_SELECTOR = YES;
				GCC_WARN_UNINITIALIZED_AUTOS = YES_AGGRESSIVE;
				GCC_WARN_UNUSED_FUNCTION = YES;
				GCC_WARN_UNUSED_VARIABLE = YES;
				IPHONEOS_DEPLOYMENT_TARGET = 11.1;
				MTL_ENABLE_DEBUG_INFO = YES;
				ONLY_ACTIVE_ARCH = YES;
				SDKROOT = iphoneos;
				SWIFT_ACTIVE_COMPILATION_CONDITIONS = DEBUG;
				SWIFT_OPTIMIZATION_LEVEL = "-Onone";
			};
			name = Debug;
		};
		52BB7AC71FCC591600417380 /* Release */ = {
			isa = XCBuildConfiguration;
			buildSettings = {
				ALWAYS_SEARCH_USER_PATHS = NO;
				CLANG_ANALYZER_NONNULL = YES;
				CLANG_ANALYZER_NUMBER_OBJECT_CONVERSION = YES_AGGRESSIVE;
				CLANG_CXX_LANGUAGE_STANDARD = "gnu++14";
				CLANG_CXX_LIBRARY = "libc++";
				CLANG_ENABLE_MODULES = YES;
				CLANG_ENABLE_OBJC_ARC = YES;
				CLANG_WARN_BLOCK_CAPTURE_AUTORELEASING = YES;
				CLANG_WARN_BOOL_CONVERSION = YES;
				CLANG_WARN_COMMA = YES;
				CLANG_WARN_CONSTANT_CONVERSION = YES;
				CLANG_WARN_DIRECT_OBJC_ISA_USAGE = YES_ERROR;
				CLANG_WARN_DOCUMENTATION_COMMENTS = YES;
				CLANG_WARN_EMPTY_BODY = YES;
				CLANG_WARN_ENUM_CONVERSION = YES;
				CLANG_WARN_INFINITE_RECURSION = YES;
				CLANG_WARN_INT_CONVERSION = YES;
				CLANG_WARN_NON_LITERAL_NULL_CONVERSION = YES;
				CLANG_WARN_OBJC_LITERAL_CONVERSION = YES;
				CLANG_WARN_OBJC_ROOT_CLASS = YES_ERROR;
				CLANG_WARN_RANGE_LOOP_ANALYSIS = YES;
				CLANG_WARN_STRICT_PROTOTYPES = YES;
				CLANG_WARN_SUSPICIOUS_MOVE = YES;
				CLANG_WARN_UNGUARDED_AVAILABILITY = YES_AGGRESSIVE;
				CLANG_WARN_UNREACHABLE_CODE = YES;
				CLANG_WARN__DUPLICATE_METHOD_MATCH = YES;
				CODE_SIGN_IDENTITY = "iPhone Developer";
				COPY_PHASE_STRIP = NO;
				DEBUG_INFORMATION_FORMAT = "dwarf-with-dsym";
				ENABLE_NS_ASSERTIONS = NO;
				ENABLE_STRICT_OBJC_MSGSEND = YES;
				GCC_C_LANGUAGE_STANDARD = gnu11;
				GCC_NO_COMMON_BLOCKS = YES;
				GCC_WARN_64_TO_32_BIT_CONVERSION = YES;
				GCC_WARN_ABOUT_RETURN_TYPE = YES_ERROR;
				GCC_WARN_UNDECLARED_SELECTOR = YES;
				GCC_WARN_UNINITIALIZED_AUTOS = YES_AGGRESSIVE;
				GCC_WARN_UNUSED_FUNCTION = YES;
				GCC_WARN_UNUSED_VARIABLE = YES;
				IPHONEOS_DEPLOYMENT_TARGET = 11.1;
				MTL_ENABLE_DEBUG_INFO = NO;
				SDKROOT = iphoneos;
				SWIFT_OPTIMIZATION_LEVEL = "-Owholemodule";
				VALIDATE_PRODUCT = YES;
			};
			name = Release;
		};
		52BB7AC91FCC591600417380 /* Debug */ = {
			isa = XCBuildConfiguration;
			buildSettings = {
				ASSETCATALOG_COMPILER_APPICON_NAME = AppIcon;
				CODE_SIGN_STYLE = Automatic;
				INFOPLIST_FILE = DemoUISwitch/Info.plist;
				LD_RUNPATH_SEARCH_PATHS = "$(inherited) @executable_path/Frameworks";
				PRODUCT_BUNDLE_IDENTIFIER = org.twbbs.dtak.DemoUISwitch;
				PRODUCT_NAME = "$(TARGET_NAME)";
				SWIFT_VERSION = 4.0;
				TARGETED_DEVICE_FAMILY = "1,2";
			};
			name = Debug;
		};
		52BB7ACA1FCC591600417380 /* Release */ = {
			isa = XCBuildConfiguration;
			buildSettings = {
				ASSETCATALOG_COMPILER_APPICON_NAME = AppIcon;
				CODE_SIGN_STYLE = Automatic;
				INFOPLIST_FILE = DemoUISwitch/Info.plist;
				LD_RUNPATH_SEARCH_PATHS = "$(inherited) @executable_path/Frameworks";
				PRODUCT_BUNDLE_IDENTIFIER = org.twbbs.dtak.DemoUISwitch;
				PRODUCT_NAME = "$(TARGET_NAME)";
				SWIFT_VERSION = 4.0;
				TARGETED_DEVICE_FAMILY = "1,2";
			};
			name = Release;
		};
		52BB7ACC1FCC591600417380 /* Debug */ = {
			isa = XCBuildConfiguration;
			buildSettings = {
				ALWAYS_EMBED_SWIFT_STANDARD_LIBRARIES = YES;
				BUNDLE_LOADER = "$(TEST_HOST)";
				CODE_SIGN_STYLE = Automatic;
				INFOPLIST_FILE = DemoUISwitchTests/Info.plist;
				LD_RUNPATH_SEARCH_PATHS = "$(inherited) @executable_path/Frameworks @loader_path/Frameworks";
				PRODUCT_BUNDLE_IDENTIFIER = org.twbbs.dtak.DemoUISwitchTests;
				PRODUCT_NAME = "$(TARGET_NAME)";
				SWIFT_VERSION = 4.0;
				TARGETED_DEVICE_FAMILY = "1,2";
				TEST_HOST = "$(BUILT_PRODUCTS_DIR)/DemoUISwitch.app/DemoUISwitch";
			};
			name = Debug;
		};
		52BB7ACD1FCC591600417380 /* Release */ = {
			isa = XCBuildConfiguration;
			buildSettings = {
				ALWAYS_EMBED_SWIFT_STANDARD_LIBRARIES = YES;
				BUNDLE_LOADER = "$(TEST_HOST)";
				CODE_SIGN_STYLE = Automatic;
				INFOPLIST_FILE = DemoUISwitchTests/Info.plist;
				LD_RUNPATH_SEARCH_PATHS = "$(inherited) @executable_path/Frameworks @loader_path/Frameworks";
				PRODUCT_BUNDLE_IDENTIFIER = org.twbbs.dtak.DemoUISwitchTests;
				PRODUCT_NAME = "$(TARGET_NAME)";
				SWIFT_VERSION = 4.0;
				TARGETED_DEVICE_FAMILY = "1,2";
				TEST_HOST = "$(BUILT_PRODUCTS_DIR)/DemoUISwitch.app/DemoUISwitch";
			};
			name = Release;
		};
		52BB7ACF1FCC591600417380 /* Debug */ = {
			isa = XCBuildConfiguration;
			buildSettings = {
				ALWAYS_EMBED_SWIFT_STANDARD_LIBRARIES = YES;
				CODE_SIGN_STYLE = Automatic;
				INFOPLIST_FILE = DemoUISwitchUITests/Info.plist;
				LD_RUNPATH_SEARCH_PATHS = "$(inherited) @executable_path/Frameworks @loader_path/Frameworks";
				PRODUCT_BUNDLE_IDENTIFIER = org.twbbs.dtak.DemoUISwitchUITests;
				PRODUCT_NAME = "$(TARGET_NAME)";
				SWIFT_VERSION = 4.0;
				TARGETED_DEVICE_FAMILY = "1,2";
				TEST_TARGET_NAME = DemoUISwitch;
			};
			name = Debug;
		};
		52BB7AD01FCC591600417380 /* Release */ = {
			isa = XCBuildConfiguration;
			buildSettings = {
				ALWAYS_EMBED_SWIFT_STANDARD_LIBRARIES = YES;
				CODE_SIGN_STYLE = Automatic;
				INFOPLIST_FILE = DemoUISwitchUITests/Info.plist;
				LD_RUNPATH_SEARCH_PATHS = "$(inherited) @executable_path/Frameworks @loader_path/Frameworks";
				PRODUCT_BUNDLE_IDENTIFIER = org.twbbs.dtak.DemoUISwitchUITests;
				PRODUCT_NAME = "$(TARGET_NAME)";
				SWIFT_VERSION = 4.0;
				TARGETED_DEVICE_FAMILY = "1,2";
				TEST_TARGET_NAME = DemoUISwitch;
			};
			name = Release;
		};
/* End XCBuildConfiguration section */

/* Begin XCConfigurationList section */
		52BB7A981FCC591500417380 /* Build configuration list for PBXProject "DemoUISwitch" */ = {
			isa = XCConfigurationList;
			buildConfigurations = (
				52BB7AC61FCC591600417380 /* Debug */,
				52BB7AC71FCC591600417380 /* Release */,
			);
			defaultConfigurationIsVisible = 0;
			defaultConfigurationName = Release;
		};
		52BB7AC81FCC591600417380 /* Build configuration list for PBXNativeTarget "DemoUISwitch" */ = {
			isa = XCConfigurationList;
			buildConfigurations = (
				52BB7AC91FCC591600417380 /* Debug */,
				52BB7ACA1FCC591600417380 /* Release */,
			);
			defaultConfigurationIsVisible = 0;
			defaultConfigurationName = Release;
		};
		52BB7ACB1FCC591600417380 /* Build configuration list for PBXNativeTarget "DemoUISwitchTests" */ = {
			isa = XCConfigurationList;
			buildConfigurations = (
				52BB7ACC1FCC591600417380 /* Debug */,
				52BB7ACD1FCC591600417380 /* Release */,
			);
			defaultConfigurationIsVisible = 0;
			defaultConfigurationName = Release;
		};
		52BB7ACE1FCC591600417380 /* Build configuration list for PBXNativeTarget "DemoUISwitchUITests" */ = {
			isa = XCConfigurationList;
			buildConfigurations = (
				52BB7ACF1FCC591600417380 /* Debug */,
				52BB7AD01FCC591600417380 /* Release */,
			);
			defaultConfigurationIsVisible = 0;
			defaultConfigurationName = Release;
		};
/* End XCConfigurationList section */

/* Begin XCVersionGroup section */
		52BB7AA71FCC591600417380 /* DemoUISwitch.xcdatamodeld */ = {
			isa = XCVersionGroup;
			children = (
				52BB7AA81FCC591600417380 /* DemoUISwitch.xcdatamodel */,
			);
			currentVersion = 52BB7AA81FCC591600417380 /* DemoUISwitch.xcdatamodel */;
			path = DemoUISwitch.xcdatamodeld;
			sourceTree = "<group>";
			versionGroupType = wrapper.xcdatamodel;
		};
/* End XCVersionGroup section */
	};
	rootObject = 52BB7A951FCC591500417380 /* Project object */;
}
