// !$*UTF8*$!
{
	archiveVersion = 1;
	classes = {
	};
	objectVersion = 46;
	objects = {

/* Begin PBXBuildFile section */
		DC7B48B51E55F55F00AF3C1F /* AppDelegate.swift in Sources */ = {isa = PBXBuildFile; fileRef = DC7B48B41E55F55F00AF3C1F /* AppDelegate.swift */; };
		DC7B48B71E55F55F00AF3C1F /* ViewController.swift in Sources */ = {isa = PBXBuildFile; fileRef = DC7B48B61E55F55F00AF3C1F /* ViewController.swift */; };
		DC7B48BA1E55F55F00AF3C1F /* Main.storyboard in Resources */ = {isa = PBXBuildFile; fileRef = DC7B48B81E55F55F00AF3C1F /* Main.storyboard */; };
		DC7B48BC1E55F55F00AF3C1F /* Assets.xcassets in Resources */ = {isa = PBXBuildFile; fileRef = DC7B48BB1E55F55F00AF3C1F /* Assets.xcassets */; };
		DC7B48BF1E55F55F00AF3C1F /* LaunchScreen.storyboard in Resources */ = {isa = PBXBuildFile; fileRef = DC7B48BD1E55F55F00AF3C1F /* LaunchScreen.storyboard */; };
/* End PBXBuildFile section */

/* Begin PBXFileReference section */
		DC7B48B11E55F55F00AF3C1F /* OderStepper.app */ = {isa = PBXFileReference; explicitFileType = wrapper.application; includeInIndex = 0; path = OderStepper.app; sourceTree = BUILT_PRODUCTS_DIR; };
		DC7B48B41E55F55F00AF3C1F /* AppDelegate.swift */ = {isa = PBXFileReference; lastKnownFileType = sourcecode.swift; path = AppDelegate.swift; sourceTree = "<group>"; };
		DC7B48B61E55F55F00AF3C1F /* ViewController.swift */ = {isa = PBXFileReference; lastKnownFileType = sourcecode.swift; path = ViewController.swift; sourceTree = "<group>"; };
		DC7B48B91E55F55F00AF3C1F /* Base */ = {isa = PBXFileReference; lastKnownFileType = file.storyboard; name = Base; path = Base.lproj/Main.storyboard; sourceTree = "<group>"; };
		DC7B48BB1E55F55F00AF3C1F /* Assets.xcassets */ = {isa = PBXFileReference; lastKnownFileType = folder.assetcatalog; path = Assets.xcassets; sourceTree = "<group>"; };
		DC7B48BE1E55F55F00AF3C1F /* Base */ = {isa = PBXFileReference; lastKnownFileType = file.storyboard; name = Base; path = Base.lproj/LaunchScreen.storyboard; sourceTree = "<group>"; };
		DC7B48C01E55F55F00AF3C1F /* Info.plist */ = {isa = PBXFileReference; lastKnownFileType = text.plist.xml; path = Info.plist; sourceTree = "<group>"; };
/* End PBXFileReference section */

/* Begin PBXFrameworksBuildPhase section */
		DC7B48AE1E55F55F00AF3C1F /* Frameworks */ = {
			isa = PBXFrameworksBuildPhase;
			buildActionMask = 2147483647;
			files = (
			);
			runOnlyForDeploymentPostprocessing = 0;
		};
/* End PBXFrameworksBuildPhase section */

/* Begin PBXGroup section */
		DC7B48A81E55F55E00AF3C1F = {
			isa = PBXGroup;
			children = (
				DC7B48B31E55F55F00AF3C1F /* OderStepper */,
				DC7B48B21E55F55F00AF3C1F /* Products */,
			);
			sourceTree = "<group>";
		};
		DC7B48B21E55F55F00AF3C1F /* Products */ = {
			isa = PBXGroup;
			children = (
				DC7B48B11E55F55F00AF3C1F /* OderStepper.app */,
			);
			name = Products;
			sourceTree = "<group>";
		};
		DC7B48B31E55F55F00AF3C1F /* OderStepper */ = {
			isa = PBXGroup;
			children = (
				DC7B48B41E55F55F00AF3C1F /* AppDelegate.swift */,
				DC7B48B61E55F55F00AF3C1F /* ViewController.swift */,
				DC7B48B81E55F55F00AF3C1F /* Main.storyboard */,
				DC7B48BB1E55F55F00AF3C1F /* Assets.xcassets */,
				DC7B48BD1E55F55F00AF3C1F /* LaunchScreen.storyboard */,
				DC7B48C01E55F55F00AF3C1F /* Info.plist */,
			);
			path = OderStepper;
			sourceTree = "<group>";
		};
/* End PBXGroup section */

/* Begin PBXNativeTarget section */
		DC7B48B01E55F55F00AF3C1F /* OderStepper */ = {
			isa = PBXNativeTarget;
			buildConfigurationList = DC7B48C31E55F55F00AF3C1F /* Build configuration list for PBXNativeTarget "OderStepper" */;
			buildPhases = (
				DC7B48AD1E55F55F00AF3C1F /* Sources */,
				DC7B48AE1E55F55F00AF3C1F /* Frameworks */,
				DC7B48AF1E55F55F00AF3C1F /* Resources */,
			);
			buildRules = (
			);
			dependencies = (
			);
			name = OderStepper;
			productName = OderStepper;
			productReference = DC7B48B11E55F55F00AF3C1F /* OderStepper.app */;
			productType = "com.apple.product-type.application";
		};
/* End PBXNativeTarget section */

/* Begin PBXProject section */
		DC7B48A91E55F55E00AF3C1F /* Project object */ = {
			isa = PBXProject;
			attributes = {
				LastSwiftUpdateCheck = 0820;
				LastUpgradeCheck = 0820;
				ORGANIZATIONNAME = SmallHappy;
				TargetAttributes = {
					DC7B48B01E55F55F00AF3C1F = {
						CreatedOnToolsVersion = 8.2;
						ProvisioningStyle = Automatic;
					};
				};
			};
			buildConfigurationList = DC7B48AC1E55F55E00AF3C1F /* Build configuration list for PBXProject "OderStepper" */;
			compatibilityVersion = "Xcode 3.2";
			developmentRegion = English;
			hasScannedForEncodings = 0;
			knownRegions = (
				en,
				Base,
			);
			mainGroup = DC7B48A81E55F55E00AF3C1F;
			productRefGroup = DC7B48B21E55F55F00AF3C1F /* Products */;
			projectDirPath = "";
			projectRoot = "";
			targets = (
				DC7B48B01E55F55F00AF3C1F /* OderStepper */,
			);
		};
/* End PBXProject section */

/* Begin PBXResourcesBuildPhase section */
		DC7B48AF1E55F55F00AF3C1F /* Resources */ = {
			isa = PBXResourcesBuildPhase;
			buildActionMask = 2147483647;
			files = (
				DC7B48BF1E55F55F00AF3C1F /* LaunchScreen.storyboard in Resources */,
				DC7B48BC1E55F55F00AF3C1F /* Assets.xcassets in Resources */,
				DC7B48BA1E55F55F00AF3C1F /* Main.storyboard in Resources */,
			);
			runOnlyForDeploymentPostprocessing = 0;
		};
/* End PBXResourcesBuildPhase section */

/* Begin PBXSourcesBuildPhase section */
		DC7B48AD1E55F55F00AF3C1F /* Sources */ = {
			isa = PBXSourcesBuildPhase;
			buildActionMask = 2147483647;
			files = (
				DC7B48B71E55F55F00AF3C1F /* ViewController.swift in Sources */,
				DC7B48B51E55F55F00AF3C1F /* AppDelegate.swift in Sources */,
			);
			runOnlyForDeploymentPostprocessing = 0;
		};
/* End PBXSourcesBuildPhase section */

/* Begin PBXVariantGroup section */
		DC7B48B81E55F55F00AF3C1F /* Main.storyboard */ = {
			isa = PBXVariantGroup;
			children = (
				DC7B48B91E55F55F00AF3C1F /* Base */,
			);
			name = Main.storyboard;
			sourceTree = "<group>";
		};
		DC7B48BD1E55F55F00AF3C1F /* LaunchScreen.storyboard */ = {
			isa = PBXVariantGroup;
			children = (
				DC7B48BE1E55F55F00AF3C1F /* Base */,
			);
			name = LaunchScreen.storyboard;
			sourceTree = "<group>";
		};
/* End PBXVariantGroup section */

/* Begin XCBuildConfiguration section */
		DC7B48C11E55F55F00AF3C1F /* Debug */ = {
			isa = XCBuildConfiguration;
			buildSettings = {
				ALWAYS_SEARCH_USER_PATHS = NO;
				CLANG_ANALYZER_NONNULL = YES;
				CLANG_CXX_LANGUAGE_STANDARD = "gnu++0x";
				CLANG_CXX_LIBRARY = "libc++";
				CLANG_ENABLE_MODULES = YES;
				CLANG_ENABLE_OBJC_ARC = YES;
				CLANG_WARN_BOOL_CONVERSION = YES;
				CLANG_WARN_CONSTANT_CONVERSION = YES;
				CLANG_WARN_DIRECT_OBJC_ISA_USAGE = YES_ERROR;
				CLANG_WARN_DOCUMENTATION_COMMENTS = YES;
				CLANG_WARN_EMPTY_BODY = YES;
				CLANG_WARN_ENUM_CONVERSION = YES;
				CLANG_WARN_INFINITE_RECURSION = YES;
				CLANG_WARN_INT_CONVERSION = YES;
				CLANG_WARN_OBJC_ROOT_CLASS = YES_ERROR;
				CLANG_WARN_SUSPICIOUS_MOVE = YES;
				CLANG_WARN_UNREACHABLE_CODE = YES;
				CLANG_WARN__DUPLICATE_METHOD_MATCH = YES;
				"CODE_SIGN_IDENTITY[sdk=iphoneos*]" = "iPhone Developer";
				COPY_PHASE_STRIP = NO;
				DEBUG_INFORMATION_FORMAT = dwarf;
				ENABLE_STRICT_OBJC_MSGSEND = YES;
				ENABLE_TESTABILITY = YES;
				GCC_C_LANGUAGE_STANDARD = gnu99;
				GCC_DYNAMIC_NO_PIC = NO;
				GCC_NO_COMMON_BLOCKS = YES;
				GCC_OPTIMIZATION_LEVEL = 0;
				GCC_PREPROCESSOR_DEFINITIONS = (
					"DEBUG=1",
					"$(inherited)",
				);
				GCC_WARN_64_TO_32_BIT_CONVERSION = YES;
				GCC_WARN_ABOUT_RETURN_TYPE = YES_ERROR;
				GCC_WARN_UNDECLARED_SELECTOR = YES;
				GCC_WARN_UNINITIALIZED_AUTOS = YES_AGGRESSIVE;
				GCC_WARN_UNUSED_FUNCTION = YES;
				GCC_WARN_UNUSED_VARIABLE = YES;
				IPHONEOS_DEPLOYMENT_TARGET = 10.2;
				MTL_ENABLE_DEBUG_INFO = YES;
				ONLY_ACTIVE_ARCH = YES;
				SDKROOT = iphoneos;
				SWIFT_ACTIVE_COMPILATION_CONDITIONS = DEBUG;
				SWIFT_OPTIMIZATION_LEVEL = "-Onone";
				TARGETED_DEVICE_FAMILY = "1,2";
			};
			name = Debug;
		};
		DC7B48C21E55F55F00AF3C1F /* Release */ = {
			isa = XCBuildConfiguration;
			buildSettings = {
				ALWAYS_SEARCH_USER_PATHS = NO;
				CLANG_ANALYZER_NONNULL = YES;
				CLANG_CXX_LANGUAGE_STANDARD = "gnu++0x";
				CLANG_CXX_LIBRARY = "libc++";
				CLANG_ENABLE_MODULES = YES;
				CLANG_ENABLE_OBJC_ARC = YES;
				CLANG_WARN_BOOL_CONVERSION = YES;
				CLANG_WARN_CONSTANT_CONVERSION = YES;
				CLANG_WARN_DIRECT_OBJC_ISA_USAGE = YES_ERROR;
				CLANG_WARN_DOCUMENTATION_COMMENTS = YES;
				CLANG_WARN_EMPTY_BODY = YES;
				CLANG_WARN_ENUM_CONVERSION = YES;
				CLANG_WARN_INFINITE_RECURSION = YES;
				CLANG_WARN_INT_CONVERSION = YES;
				CLANG_WARN_OBJC_ROOT_CLASS = YES_ERROR;
				CLANG_WARN_SUSPICIOUS_MOVE = YES;
				CLANG_WARN_UNREACHABLE_CODE = YES;
				CLANG_WARN__DUPLICATE_METHOD_MATCH = YES;
				"CODE_SIGN_IDENTITY[sdk=iphoneos*]" = "iPhone Developer";
				COPY_PHASE_STRIP = NO;
				DEBUG_INFORMATION_FORMAT = "dwarf-with-dsym";
				ENABLE_NS_ASSERTIONS = NO;
				ENABLE_STRICT_OBJC_MSGSEND = YES;
				GCC_C_LANGUAGE_STANDARD = gnu99;
				GCC_NO_COMMON_BLOCKS = YES;
				GCC_WARN_64_TO_32_BIT_CONVERSION = YES;
				GCC_WARN_ABOUT_RETURN_TYPE = YES_ERROR;
				GCC_WARN_UNDECLARED_SELECTOR = YES;
				GCC_WARN_UNINITIALIZED_AUTOS = YES_AGGRESSIVE;
				GCC_WARN_UNUSED_FUNCTION = YES;
				GCC_WARN_UNUSED_VARIABLE = YES;
				IPHONEOS_DEPLOYMENT_TARGET = 10.2;
				MTL_ENABLE_DEBUG_INFO = NO;
				SDKROOT = iphoneos;
				SWIFT_OPTIMIZATION_LEVEL = "-Owholemodule";
				TARGETED_DEVICE_FAMILY = "1,2";
				VALIDATE_PRODUCT = YES;
			};
			name = Release;
		};
		DC7B48C41E55F55F00AF3C1F /* Debug */ = {
			isa = XCBuildConfiguration;
			buildSettings = {
				ASSETCATALOG_COMPILER_APPICON_NAME = AppIcon;
				INFOPLIST_FILE = OderStepper/Info.plist;
				LD_RUNPATH_SEARCH_PATHS = "$(inherited) @executable_path/Frameworks";
				PRODUCT_BUNDLE_IDENTIFIER = SmallHappy.OderStepper;
				PRODUCT_NAME = "$(TARGET_NAME)";
				SWIFT_VERSION = 3.0;
			};
			name = Debug;
		};
		DC7B48C51E55F55F00AF3C1F /* Release */ = {
			isa = XCBuildConfiguration;
			buildSettings = {
				ASSETCATALOG_COMPILER_APPICON_NAME = AppIcon;
				INFOPLIST_FILE = OderStepper/Info.plist;
				LD_RUNPATH_SEARCH_PATHS = "$(inherited) @executable_path/Frameworks";
				PRODUCT_BUNDLE_IDENTIFIER = SmallHappy.OderStepper;
				PRODUCT_NAME = "$(TARGET_NAME)";
				SWIFT_VERSION = 3.0;
			};
			name = Release;
		};
/* End XCBuildConfiguration section */

/* Begin XCConfigurationList section */
		DC7B48AC1E55F55E00AF3C1F /* Build configuration list for PBXProject "OderStepper" */ = {
			isa = XCConfigurationList;
			buildConfigurations = (
				DC7B48C11E55F55F00AF3C1F /* Debug */,
				DC7B48C21E55F55F00AF3C1F /* Release */,
			);
			defaultConfigurationIsVisible = 0;
			defaultConfigurationName = Release;
		};
		DC7B48C31E55F55F00AF3C1F /* Build configuration list for PBXNativeTarget "OderStepper" */ = {
			isa = XCConfigurationList;
			buildConfigurations = (
				DC7B48C41E55F55F00AF3C1F /* Debug */,
				DC7B48C51E55F55F00AF3C1F /* Release */,
			);
			defaultConfigurationIsVisible = 0;
		};
/* End XCConfigurationList section */
	};
	rootObject = DC7B48A91E55F55E00AF3C1F /* Project object */;
}
