// !$*UTF8*$!
{
	archiveVersion = 1;
	classes = {
	};
	objectVersion = 46;
	objects = {

/* Begin PBXBuildFile section */
		52A769FF1C548FCA005D7F6C /* AppDelegate.swift in Sources */ = {isa = PBXBuildFile; fileRef = 52A769FE1C548FCA005D7F6C /* AppDelegate.swift */; };
		52A76A011C548FCA005D7F6C /* MasterViewController.swift in Sources */ = {isa = PBXBuildFile; fileRef = 52A76A001C548FCA005D7F6C /* MasterViewController.swift */; };
		52A76A031C548FCA005D7F6C /* DetailViewController.swift in Sources */ = {isa = PBXBuildFile; fileRef = 52A76A021C548FCA005D7F6C /* DetailViewController.swift */; };
		52A76A061C548FCA005D7F6C /* Main.storyboard in Resources */ = {isa = PBXBuildFile; fileRef = 52A76A041C548FCA005D7F6C /* Main.storyboard */; };
		52A76A081C548FCA005D7F6C /* Assets.xcassets in Resources */ = {isa = PBXBuildFile; fileRef = 52A76A071C548FCA005D7F6C /* Assets.xcassets */; };
		52A76A0B1C548FCA005D7F6C /* LaunchScreen.storyboard in Resources */ = {isa = PBXBuildFile; fileRef = 52A76A091C548FCA005D7F6C /* LaunchScreen.storyboard */; };
/* End PBXBuildFile section */

/* Begin PBXFileReference section */
		52A769FB1C548FCA005D7F6C /* Class_8_MasterDetaillDemo.app */ = {isa = PBXFileReference; explicitFileType = wrapper.application; includeInIndex = 0; path = Class_8_MasterDetaillDemo.app; sourceTree = BUILT_PRODUCTS_DIR; };
		52A769FE1C548FCA005D7F6C /* AppDelegate.swift */ = {isa = PBXFileReference; lastKnownFileType = sourcecode.swift; path = AppDelegate.swift; sourceTree = "<group>"; };
		52A76A001C548FCA005D7F6C /* MasterViewController.swift */ = {isa = PBXFileReference; lastKnownFileType = sourcecode.swift; path = MasterViewController.swift; sourceTree = "<group>"; };
		52A76A021C548FCA005D7F6C /* DetailViewController.swift */ = {isa = PBXFileReference; lastKnownFileType = sourcecode.swift; path = DetailViewController.swift; sourceTree = "<group>"; };
		52A76A051C548FCA005D7F6C /* Base */ = {isa = PBXFileReference; lastKnownFileType = file.storyboard; name = Base; path = Base.lproj/Main.storyboard; sourceTree = "<group>"; };
		52A76A071C548FCA005D7F6C /* Assets.xcassets */ = {isa = PBXFileReference; lastKnownFileType = folder.assetcatalog; path = Assets.xcassets; sourceTree = "<group>"; };
		52A76A0A1C548FCA005D7F6C /* Base */ = {isa = PBXFileReference; lastKnownFileType = file.storyboard; name = Base; path = Base.lproj/LaunchScreen.storyboard; sourceTree = "<group>"; };
		52A76A0C1C548FCA005D7F6C /* Info.plist */ = {isa = PBXFileReference; lastKnownFileType = text.plist.xml; path = Info.plist; sourceTree = "<group>"; };
/* End PBXFileReference section */

/* Begin PBXFrameworksBuildPhase section */
		52A769F81C548FCA005D7F6C /* Frameworks */ = {
			isa = PBXFrameworksBuildPhase;
			buildActionMask = 2147483647;
			files = (
			);
			runOnlyForDeploymentPostprocessing = 0;
		};
/* End PBXFrameworksBuildPhase section */

/* Begin PBXGroup section */
		52A769F21C548FCA005D7F6C = {
			isa = PBXGroup;
			children = (
				52A769FD1C548FCA005D7F6C /* Class_8_MasterDetaillDemo */,
				52A769FC1C548FCA005D7F6C /* Products */,
			);
			sourceTree = "<group>";
		};
		52A769FC1C548FCA005D7F6C /* Products */ = {
			isa = PBXGroup;
			children = (
				52A769FB1C548FCA005D7F6C /* Class_8_MasterDetaillDemo.app */,
			);
			name = Products;
			sourceTree = "<group>";
		};
		52A769FD1C548FCA005D7F6C /* Class_8_MasterDetaillDemo */ = {
			isa = PBXGroup;
			children = (
				52A769FE1C548FCA005D7F6C /* AppDelegate.swift */,
				52A76A001C548FCA005D7F6C /* MasterViewController.swift */,
				52A76A021C548FCA005D7F6C /* DetailViewController.swift */,
				52A76A041C548FCA005D7F6C /* Main.storyboard */,
				52A76A071C548FCA005D7F6C /* Assets.xcassets */,
				52A76A091C548FCA005D7F6C /* LaunchScreen.storyboard */,
				52A76A0C1C548FCA005D7F6C /* Info.plist */,
			);
			path = Class_8_MasterDetaillDemo;
			sourceTree = "<group>";
		};
/* End PBXGroup section */

/* Begin PBXNativeTarget section */
		52A769FA1C548FCA005D7F6C /* Class_8_MasterDetaillDemo */ = {
			isa = PBXNativeTarget;
			buildConfigurationList = 52A76A0F1C548FCA005D7F6C /* Build configuration list for PBXNativeTarget "Class_8_MasterDetaillDemo" */;
			buildPhases = (
				52A769F71C548FCA005D7F6C /* Sources */,
				52A769F81C548FCA005D7F6C /* Frameworks */,
				52A769F91C548FCA005D7F6C /* Resources */,
			);
			buildRules = (
			);
			dependencies = (
			);
			name = Class_8_MasterDetaillDemo;
			productName = Class_8_MasterDetaillDemo;
			productReference = 52A769FB1C548FCA005D7F6C /* Class_8_MasterDetaillDemo.app */;
			productType = "com.apple.product-type.application";
		};
/* End PBXNativeTarget section */

/* Begin PBXProject section */
		52A769F31C548FCA005D7F6C /* Project object */ = {
			isa = PBXProject;
			attributes = {
				LastSwiftUpdateCheck = 0720;
				LastUpgradeCheck = 0720;
				ORGANIZATIONNAME = TK;
				TargetAttributes = {
					52A769FA1C548FCA005D7F6C = {
						CreatedOnToolsVersion = 7.2;
					};
				};
			};
			buildConfigurationList = 52A769F61C548FCA005D7F6C /* Build configuration list for PBXProject "Class_8_MasterDetaillDemo" */;
			compatibilityVersion = "Xcode 3.2";
			developmentRegion = English;
			hasScannedForEncodings = 0;
			knownRegions = (
				en,
				Base,
			);
			mainGroup = 52A769F21C548FCA005D7F6C;
			productRefGroup = 52A769FC1C548FCA005D7F6C /* Products */;
			projectDirPath = "";
			projectRoot = "";
			targets = (
				52A769FA1C548FCA005D7F6C /* Class_8_MasterDetaillDemo */,
			);
		};
/* End PBXProject section */

/* Begin PBXResourcesBuildPhase section */
		52A769F91C548FCA005D7F6C /* Resources */ = {
			isa = PBXResourcesBuildPhase;
			buildActionMask = 2147483647;
			files = (
				52A76A0B1C548FCA005D7F6C /* LaunchScreen.storyboard in Resources */,
				52A76A081C548FCA005D7F6C /* Assets.xcassets in Resources */,
				52A76A061C548FCA005D7F6C /* Main.storyboard in Resources */,
			);
			runOnlyForDeploymentPostprocessing = 0;
		};
/* End PBXResourcesBuildPhase section */

/* Begin PBXSourcesBuildPhase section */
		52A769F71C548FCA005D7F6C /* Sources */ = {
			isa = PBXSourcesBuildPhase;
			buildActionMask = 2147483647;
			files = (
				52A76A031C548FCA005D7F6C /* DetailViewController.swift in Sources */,
				52A76A011C548FCA005D7F6C /* MasterViewController.swift in Sources */,
				52A769FF1C548FCA005D7F6C /* AppDelegate.swift in Sources */,
			);
			runOnlyForDeploymentPostprocessing = 0;
		};
/* End PBXSourcesBuildPhase section */

/* Begin PBXVariantGroup section */
		52A76A041C548FCA005D7F6C /* Main.storyboard */ = {
			isa = PBXVariantGroup;
			children = (
				52A76A051C548FCA005D7F6C /* Base */,
			);
			name = Main.storyboard;
			sourceTree = "<group>";
		};
		52A76A091C548FCA005D7F6C /* LaunchScreen.storyboard */ = {
			isa = PBXVariantGroup;
			children = (
				52A76A0A1C548FCA005D7F6C /* Base */,
			);
			name = LaunchScreen.storyboard;
			sourceTree = "<group>";
		};
/* End PBXVariantGroup section */

/* Begin XCBuildConfiguration section */
		52A76A0D1C548FCA005D7F6C /* Debug */ = {
			isa = XCBuildConfiguration;
			buildSettings = {
				ALWAYS_SEARCH_USER_PATHS = NO;
				CLANG_CXX_LANGUAGE_STANDARD = "gnu++0x";
				CLANG_CXX_LIBRARY = "libc++";
				CLANG_ENABLE_MODULES = YES;
				CLANG_ENABLE_OBJC_ARC = YES;
				CLANG_WARN_BOOL_CONVERSION = YES;
				CLANG_WARN_CONSTANT_CONVERSION = YES;
				CLANG_WARN_DIRECT_OBJC_ISA_USAGE = YES_ERROR;
				CLANG_WARN_EMPTY_BODY = YES;
				CLANG_WARN_ENUM_CONVERSION = YES;
				CLANG_WARN_INT_CONVERSION = YES;
				CLANG_WARN_OBJC_ROOT_CLASS = YES_ERROR;
				CLANG_WARN_UNREACHABLE_CODE = YES;
				CLANG_WARN__DUPLICATE_METHOD_MATCH = YES;
				"CODE_SIGN_IDENTITY[sdk=iphoneos*]" = "iPhone Developer";
				COPY_PHASE_STRIP = NO;
				DEBUG_INFORMATION_FORMAT = dwarf;
				ENABLE_STRICT_OBJC_MSGSEND = YES;
				ENABLE_TESTABILITY = YES;
				GCC_C_LANGUAGE_STANDARD = gnu99;
				GCC_DYNAMIC_NO_PIC = NO;
				GCC_NO_COMMON_BLOCKS = YES;
				GCC_OPTIMIZATION_LEVEL = 0;
				GCC_PREPROCESSOR_DEFINITIONS = (
					"DEBUG=1",
					"$(inherited)",
				);
				GCC_WARN_64_TO_32_BIT_CONVERSION = YES;
				GCC_WARN_ABOUT_RETURN_TYPE = YES_ERROR;
				GCC_WARN_UNDECLARED_SELECTOR = YES;
				GCC_WARN_UNINITIALIZED_AUTOS = YES_AGGRESSIVE;
				GCC_WARN_UNUSED_FUNCTION = YES;
				GCC_WARN_UNUSED_VARIABLE = YES;
				IPHONEOS_DEPLOYMENT_TARGET = 9.2;
				MTL_ENABLE_DEBUG_INFO = YES;
				ONLY_ACTIVE_ARCH = YES;
				SDKROOT = iphoneos;
				SWIFT_OPTIMIZATION_LEVEL = "-Onone";
			};
			name = Debug;
		};
		52A76A0E1C548FCA005D7F6C /* Release */ = {
			isa = XCBuildConfiguration;
			buildSettings = {
				ALWAYS_SEARCH_USER_PATHS = NO;
				CLANG_CXX_LANGUAGE_STANDARD = "gnu++0x";
				CLANG_CXX_LIBRARY = "libc++";
				CLANG_ENABLE_MODULES = YES;
				CLANG_ENABLE_OBJC_ARC = YES;
				CLANG_WARN_BOOL_CONVERSION = YES;
				CLANG_WARN_CONSTANT_CONVERSION = YES;
				CLANG_WARN_DIRECT_OBJC_ISA_USAGE = YES_ERROR;
				CLANG_WARN_EMPTY_BODY = YES;
				CLANG_WARN_ENUM_CONVERSION = YES;
				CLANG_WARN_INT_CONVERSION = YES;
				CLANG_WARN_OBJC_ROOT_CLASS = YES_ERROR;
				CLANG_WARN_UNREACHABLE_CODE = YES;
				CLANG_WARN__DUPLICATE_METHOD_MATCH = YES;
				"CODE_SIGN_IDENTITY[sdk=iphoneos*]" = "iPhone Developer";
				COPY_PHASE_STRIP = NO;
				DEBUG_INFORMATION_FORMAT = "dwarf-with-dsym";
				ENABLE_NS_ASSERTIONS = NO;
				ENABLE_STRICT_OBJC_MSGSEND = YES;
				GCC_C_LANGUAGE_STANDARD = gnu99;
				GCC_NO_COMMON_BLOCKS = YES;
				GCC_WARN_64_TO_32_BIT_CONVERSION = YES;
				GCC_WARN_ABOUT_RETURN_TYPE = YES_ERROR;
				GCC_WARN_UNDECLARED_SELECTOR = YES;
				GCC_WARN_UNINITIALIZED_AUTOS = YES_AGGRESSIVE;
				GCC_WARN_UNUSED_FUNCTION = YES;
				GCC_WARN_UNUSED_VARIABLE = YES;
				IPHONEOS_DEPLOYMENT_TARGET = 9.2;
				MTL_ENABLE_DEBUG_INFO = NO;
				SDKROOT = iphoneos;
				VALIDATE_PRODUCT = YES;
			};
			name = Release;
		};
		52A76A101C548FCA005D7F6C /* Debug */ = {
			isa = XCBuildConfiguration;
			buildSettings = {
				ASSETCATALOG_COMPILER_APPICON_NAME = AppIcon;
				INFOPLIST_FILE = Class_8_MasterDetaillDemo/Info.plist;
				LD_RUNPATH_SEARCH_PATHS = "$(inherited) @executable_path/Frameworks";
				PRODUCT_BUNDLE_IDENTIFIER = "TK.Class-8-MasterDetaillDemo";
				PRODUCT_NAME = "$(TARGET_NAME)";
			};
			name = Debug;
		};
		52A76A111C548FCA005D7F6C /* Release */ = {
			isa = XCBuildConfiguration;
			buildSettings = {
				ASSETCATALOG_COMPILER_APPICON_NAME = AppIcon;
				INFOPLIST_FILE = Class_8_MasterDetaillDemo/Info.plist;
				LD_RUNPATH_SEARCH_PATHS = "$(inherited) @executable_path/Frameworks";
				PRODUCT_BUNDLE_IDENTIFIER = "TK.Class-8-MasterDetaillDemo";
				PRODUCT_NAME = "$(TARGET_NAME)";
			};
			name = Release;
		};
/* End XCBuildConfiguration section */

/* Begin XCConfigurationList section */
		52A769F61C548FCA005D7F6C /* Build configuration list for PBXProject "Class_8_MasterDetaillDemo" */ = {
			isa = XCConfigurationList;
			buildConfigurations = (
				52A76A0D1C548FCA005D7F6C /* Debug */,
				52A76A0E1C548FCA005D7F6C /* Release */,
			);
			defaultConfigurationIsVisible = 0;
			defaultConfigurationName = Release;
		};
		52A76A0F1C548FCA005D7F6C /* Build configuration list for PBXNativeTarget "Class_8_MasterDetaillDemo" */ = {
			isa = XCConfigurationList;
			buildConfigurations = (
				52A76A101C548FCA005D7F6C /* Debug */,
				52A76A111C548FCA005D7F6C /* Release */,
			);
			defaultConfigurationIsVisible = 0;
		};
/* End XCConfigurationList section */
	};
	rootObject = 52A769F31C548FCA005D7F6C /* Project object */;
}
