// !$*UTF8*$!
{
	archiveVersion = 1;
	classes = {
	};
	objectVersion = 46;
	objects = {

/* Begin PBXBuildFile section */
		DC1097261F52ACDB00EB38FA /* AppDelegate.swift in Sources */ = {isa = PBXBuildFile; fileRef = DC1097251F52ACDB00EB38FA /* AppDelegate.swift */; };
		DC1097281F52ACDB00EB38FA /* ViewController.swift in Sources */ = {isa = PBXBuildFile; fileRef = DC1097271F52ACDB00EB38FA /* ViewController.swift */; };
		DC10972B1F52ACDB00EB38FA /* Main.storyboard in Resources */ = {isa = PBXBuildFile; fileRef = DC1097291F52ACDB00EB38FA /* Main.storyboard */; };
		DC10972D1F52ACDB00EB38FA /* Assets.xcassets in Resources */ = {isa = PBXBuildFile; fileRef = DC10972C1F52ACDB00EB38FA /* Assets.xcassets */; };
		DC1097301F52ACDB00EB38FA /* LaunchScreen.storyboard in Resources */ = {isa = PBXBuildFile; fileRef = DC10972E1F52ACDB00EB38FA /* LaunchScreen.storyboard */; };
		DC1097381F52AD2600EB38FA /* MyCollectionViewCell.swift in Sources */ = {isa = PBXBuildFile; fileRef = DC1097371F52AD2600EB38FA /* MyCollectionViewCell.swift */; };
/* End PBXBuildFile section */

/* Begin PBXFileReference section */
		DC1097221F52ACDB00EB38FA /* DemoUICollectionView.app */ = {isa = PBXFileReference; explicitFileType = wrapper.application; includeInIndex = 0; path = DemoUICollectionView.app; sourceTree = BUILT_PRODUCTS_DIR; };
		DC1097251F52ACDB00EB38FA /* AppDelegate.swift */ = {isa = PBXFileReference; lastKnownFileType = sourcecode.swift; path = AppDelegate.swift; sourceTree = "<group>"; };
		DC1097271F52ACDB00EB38FA /* ViewController.swift */ = {isa = PBXFileReference; lastKnownFileType = sourcecode.swift; path = ViewController.swift; sourceTree = "<group>"; };
		DC10972A1F52ACDB00EB38FA /* Base */ = {isa = PBXFileReference; lastKnownFileType = file.storyboard; name = Base; path = Base.lproj/Main.storyboard; sourceTree = "<group>"; };
		DC10972C1F52ACDB00EB38FA /* Assets.xcassets */ = {isa = PBXFileReference; lastKnownFileType = folder.assetcatalog; path = Assets.xcassets; sourceTree = "<group>"; };
		DC10972F1F52ACDB00EB38FA /* Base */ = {isa = PBXFileReference; lastKnownFileType = file.storyboard; name = Base; path = Base.lproj/LaunchScreen.storyboard; sourceTree = "<group>"; };
		DC1097311F52ACDB00EB38FA /* Info.plist */ = {isa = PBXFileReference; lastKnownFileType = text.plist.xml; path = Info.plist; sourceTree = "<group>"; };
		DC1097371F52AD2600EB38FA /* MyCollectionViewCell.swift */ = {isa = PBXFileReference; fileEncoding = 4; lastKnownFileType = sourcecode.swift; path = MyCollectionViewCell.swift; sourceTree = "<group>"; };
/* End PBXFileReference section */

/* Begin PBXFrameworksBuildPhase section */
		DC10971F1F52ACDB00EB38FA /* Frameworks */ = {
			isa = PBXFrameworksBuildPhase;
			buildActionMask = 2147483647;
			files = (
			);
			runOnlyForDeploymentPostprocessing = 0;
		};
/* End PBXFrameworksBuildPhase section */

/* Begin PBXGroup section */
		DC1097191F52ACDB00EB38FA = {
			isa = PBXGroup;
			children = (
				DC1097241F52ACDB00EB38FA /* DemoUICollectionView */,
				DC1097231F52ACDB00EB38FA /* Products */,
			);
			sourceTree = "<group>";
		};
		DC1097231F52ACDB00EB38FA /* Products */ = {
			isa = PBXGroup;
			children = (
				DC1097221F52ACDB00EB38FA /* DemoUICollectionView.app */,
			);
			name = Products;
			sourceTree = "<group>";
		};
		DC1097241F52ACDB00EB38FA /* DemoUICollectionView */ = {
			isa = PBXGroup;
			children = (
				DC1097251F52ACDB00EB38FA /* AppDelegate.swift */,
				DC1097271F52ACDB00EB38FA /* ViewController.swift */,
				DC1097371F52AD2600EB38FA /* MyCollectionViewCell.swift */,
				DC1097291F52ACDB00EB38FA /* Main.storyboard */,
				DC10972C1F52ACDB00EB38FA /* Assets.xcassets */,
				DC10972E1F52ACDB00EB38FA /* LaunchScreen.storyboard */,
				DC1097311F52ACDB00EB38FA /* Info.plist */,
			);
			path = DemoUICollectionView;
			sourceTree = "<group>";
		};
/* End PBXGroup section */

/* Begin PBXNativeTarget section */
		DC1097211F52ACDB00EB38FA /* DemoUICollectionView */ = {
			isa = PBXNativeTarget;
			buildConfigurationList = DC1097341F52ACDB00EB38FA /* Build configuration list for PBXNativeTarget "DemoUICollectionView" */;
			buildPhases = (
				DC10971E1F52ACDB00EB38FA /* Sources */,
				DC10971F1F52ACDB00EB38FA /* Frameworks */,
				DC1097201F52ACDB00EB38FA /* Resources */,
			);
			buildRules = (
			);
			dependencies = (
			);
			name = DemoUICollectionView;
			productName = DemoUICollectionView;
			productReference = DC1097221F52ACDB00EB38FA /* DemoUICollectionView.app */;
			productType = "com.apple.product-type.application";
		};
/* End PBXNativeTarget section */

/* Begin PBXProject section */
		DC10971A1F52ACDB00EB38FA /* Project object */ = {
			isa = PBXProject;
			attributes = {
				LastSwiftUpdateCheck = 0830;
				LastUpgradeCheck = 0830;
				ORGANIZATIONNAME = SmallHappy;
				TargetAttributes = {
					DC1097211F52ACDB00EB38FA = {
						CreatedOnToolsVersion = 8.3.3;
						ProvisioningStyle = Automatic;
					};
				};
			};
			buildConfigurationList = DC10971D1F52ACDB00EB38FA /* Build configuration list for PBXProject "DemoUICollectionView" */;
			compatibilityVersion = "Xcode 3.2";
			developmentRegion = English;
			hasScannedForEncodings = 0;
			knownRegions = (
				en,
				Base,
			);
			mainGroup = DC1097191F52ACDB00EB38FA;
			productRefGroup = DC1097231F52ACDB00EB38FA /* Products */;
			projectDirPath = "";
			projectRoot = "";
			targets = (
				DC1097211F52ACDB00EB38FA /* DemoUICollectionView */,
			);
		};
/* End PBXProject section */

/* Begin PBXResourcesBuildPhase section */
		DC1097201F52ACDB00EB38FA /* Resources */ = {
			isa = PBXResourcesBuildPhase;
			buildActionMask = 2147483647;
			files = (
				DC1097301F52ACDB00EB38FA /* LaunchScreen.storyboard in Resources */,
				DC10972D1F52ACDB00EB38FA /* Assets.xcassets in Resources */,
				DC10972B1F52ACDB00EB38FA /* Main.storyboard in Resources */,
			);
			runOnlyForDeploymentPostprocessing = 0;
		};
/* End PBXResourcesBuildPhase section */

/* Begin PBXSourcesBuildPhase section */
		DC10971E1F52ACDB00EB38FA /* Sources */ = {
			isa = PBXSourcesBuildPhase;
			buildActionMask = 2147483647;
			files = (
				DC1097281F52ACDB00EB38FA /* ViewController.swift in Sources */,
				DC1097261F52ACDB00EB38FA /* AppDelegate.swift in Sources */,
				DC1097381F52AD2600EB38FA /* MyCollectionViewCell.swift in Sources */,
			);
			runOnlyForDeploymentPostprocessing = 0;
		};
/* End PBXSourcesBuildPhase section */

/* Begin PBXVariantGroup section */
		DC1097291F52ACDB00EB38FA /* Main.storyboard */ = {
			isa = PBXVariantGroup;
			children = (
				DC10972A1F52ACDB00EB38FA /* Base */,
			);
			name = Main.storyboard;
			sourceTree = "<group>";
		};
		DC10972E1F52ACDB00EB38FA /* LaunchScreen.storyboard */ = {
			isa = PBXVariantGroup;
			children = (
				DC10972F1F52ACDB00EB38FA /* Base */,
			);
			name = LaunchScreen.storyboard;
			sourceTree = "<group>";
		};
/* End PBXVariantGroup section */

/* Begin XCBuildConfiguration section */
		DC1097321F52ACDB00EB38FA /* Debug */ = {
			isa = XCBuildConfiguration;
			buildSettings = {
				ALWAYS_SEARCH_USER_PATHS = NO;
				CLANG_ANALYZER_NONNULL = YES;
				CLANG_ANALYZER_NUMBER_OBJECT_CONVERSION = YES_AGGRESSIVE;
				CLANG_CXX_LANGUAGE_STANDARD = "gnu++0x";
				CLANG_CXX_LIBRARY = "libc++";
				CLANG_ENABLE_MODULES = YES;
				CLANG_ENABLE_OBJC_ARC = YES;
				CLANG_WARN_BOOL_CONVERSION = YES;
				CLANG_WARN_CONSTANT_CONVERSION = YES;
				CLANG_WARN_DIRECT_OBJC_ISA_USAGE = YES_ERROR;
				CLANG_WARN_DOCUMENTATION_COMMENTS = YES;
				CLANG_WARN_EMPTY_BODY = YES;
				CLANG_WARN_ENUM_CONVERSION = YES;
				CLANG_WARN_INFINITE_RECURSION = YES;
				CLANG_WARN_INT_CONVERSION = YES;
				CLANG_WARN_OBJC_ROOT_CLASS = YES_ERROR;
				CLANG_WARN_SUSPICIOUS_MOVE = YES;
				CLANG_WARN_UNREACHABLE_CODE = YES;
				CLANG_WARN__DUPLICATE_METHOD_MATCH = YES;
				"CODE_SIGN_IDENTITY[sdk=iphoneos*]" = "iPhone Developer";
				COPY_PHASE_STRIP = NO;
				DEBUG_INFORMATION_FORMAT = dwarf;
				ENABLE_STRICT_OBJC_MSGSEND = YES;
				ENABLE_TESTABILITY = YES;
				GCC_C_LANGUAGE_STANDARD = gnu99;
				GCC_DYNAMIC_NO_PIC = NO;
				GCC_NO_COMMON_BLOCKS = YES;
				GCC_OPTIMIZATION_LEVEL = 0;
				GCC_PREPROCESSOR_DEFINITIONS = (
					"DEBUG=1",
					"$(inherited)",
				);
				GCC_WARN_64_TO_32_BIT_CONVERSION = YES;
				GCC_WARN_ABOUT_RETURN_TYPE = YES_ERROR;
				GCC_WARN_UNDECLARED_SELECTOR = YES;
				GCC_WARN_UNINITIALIZED_AUTOS = YES_AGGRESSIVE;
				GCC_WARN_UNUSED_FUNCTION = YES;
				GCC_WARN_UNUSED_VARIABLE = YES;
				IPHONEOS_DEPLOYMENT_TARGET = 10.3;
				MTL_ENABLE_DEBUG_INFO = YES;
				ONLY_ACTIVE_ARCH = YES;
				SDKROOT = iphoneos;
				SWIFT_ACTIVE_COMPILATION_CONDITIONS = DEBUG;
				SWIFT_OPTIMIZATION_LEVEL = "-Onone";
				TARGETED_DEVICE_FAMILY = "1,2";
			};
			name = Debug;
		};
		DC1097331F52ACDB00EB38FA /* Release */ = {
			isa = XCBuildConfiguration;
			buildSettings = {
				ALWAYS_SEARCH_USER_PATHS = NO;
				CLANG_ANALYZER_NONNULL = YES;
				CLANG_ANALYZER_NUMBER_OBJECT_CONVERSION = YES_AGGRESSIVE;
				CLANG_CXX_LANGUAGE_STANDARD = "gnu++0x";
				CLANG_CXX_LIBRARY = "libc++";
				CLANG_ENABLE_MODULES = YES;
				CLANG_ENABLE_OBJC_ARC = YES;
				CLANG_WARN_BOOL_CONVERSION = YES;
				CLANG_WARN_CONSTANT_CONVERSION = YES;
				CLANG_WARN_DIRECT_OBJC_ISA_USAGE = YES_ERROR;
				CLANG_WARN_DOCUMENTATION_COMMENTS = YES;
				CLANG_WARN_EMPTY_BODY = YES;
				CLANG_WARN_ENUM_CONVERSION = YES;
				CLANG_WARN_INFINITE_RECURSION = YES;
				CLANG_WARN_INT_CONVERSION = YES;
				CLANG_WARN_OBJC_ROOT_CLASS = YES_ERROR;
				CLANG_WARN_SUSPICIOUS_MOVE = YES;
				CLANG_WARN_UNREACHABLE_CODE = YES;
				CLANG_WARN__DUPLICATE_METHOD_MATCH = YES;
				"CODE_SIGN_IDENTITY[sdk=iphoneos*]" = "iPhone Developer";
				COPY_PHASE_STRIP = NO;
				DEBUG_INFORMATION_FORMAT = "dwarf-with-dsym";
				ENABLE_NS_ASSERTIONS = NO;
				ENABLE_STRICT_OBJC_MSGSEND = YES;
				GCC_C_LANGUAGE_STANDARD = gnu99;
				GCC_NO_COMMON_BLOCKS = YES;
				GCC_WARN_64_TO_32_BIT_CONVERSION = YES;
				GCC_WARN_ABOUT_RETURN_TYPE = YES_ERROR;
				GCC_WARN_UNDECLARED_SELECTOR = YES;
				GCC_WARN_UNINITIALIZED_AUTOS = YES_AGGRESSIVE;
				GCC_WARN_UNUSED_FUNCTION = YES;
				GCC_WARN_UNUSED_VARIABLE = YES;
				IPHONEOS_DEPLOYMENT_TARGET = 10.3;
				MTL_ENABLE_DEBUG_INFO = NO;
				SDKROOT = iphoneos;
				SWIFT_OPTIMIZATION_LEVEL = "-Owholemodule";
				TARGETED_DEVICE_FAMILY = "1,2";
				VALIDATE_PRODUCT = YES;
			};
			name = Release;
		};
		DC1097351F52ACDB00EB38FA /* Debug */ = {
			isa = XCBuildConfiguration;
			buildSettings = {
				ASSETCATALOG_COMPILER_APPICON_NAME = AppIcon;
				INFOPLIST_FILE = DemoUICollectionView/Info.plist;
				LD_RUNPATH_SEARCH_PATHS = "$(inherited) @executable_path/Frameworks";
				PRODUCT_BUNDLE_IDENTIFIER = com.SmallHappy.DemoUICollectionView;
				PRODUCT_NAME = "$(TARGET_NAME)";
				SWIFT_VERSION = 3.0;
			};
			name = Debug;
		};
		DC1097361F52ACDB00EB38FA /* Release */ = {
			isa = XCBuildConfiguration;
			buildSettings = {
				ASSETCATALOG_COMPILER_APPICON_NAME = AppIcon;
				INFOPLIST_FILE = DemoUICollectionView/Info.plist;
				LD_RUNPATH_SEARCH_PATHS = "$(inherited) @executable_path/Frameworks";
				PRODUCT_BUNDLE_IDENTIFIER = com.SmallHappy.DemoUICollectionView;
				PRODUCT_NAME = "$(TARGET_NAME)";
				SWIFT_VERSION = 3.0;
			};
			name = Release;
		};
/* End XCBuildConfiguration section */

/* Begin XCConfigurationList section */
		DC10971D1F52ACDB00EB38FA /* Build configuration list for PBXProject "DemoUICollectionView" */ = {
			isa = XCConfigurationList;
			buildConfigurations = (
				DC1097321F52ACDB00EB38FA /* Debug */,
				DC1097331F52ACDB00EB38FA /* Release */,
			);
			defaultConfigurationIsVisible = 0;
			defaultConfigurationName = Release;
		};
		DC1097341F52ACDB00EB38FA /* Build configuration list for PBXNativeTarget "DemoUICollectionView" */ = {
			isa = XCConfigurationList;
			buildConfigurations = (
				DC1097351F52ACDB00EB38FA /* Debug */,
				DC1097361F52ACDB00EB38FA /* Release */,
			);
			defaultConfigurationIsVisible = 0;
		};
/* End XCConfigurationList section */
	};
	rootObject = DC10971A1F52ACDB00EB38FA /* Project object */;
}
