// !$*UTF8*$!
{
	archiveVersion = 1;
	classes = {
	};
	objectVersion = 46;
	objects = {

/* Begin PBXBuildFile section */
		52B834541DBF71ED00C6D88E /* AppDelegate.swift in Sources */ = {isa = PBXBuildFile; fileRef = 52B834531DBF71ED00C6D88E /* AppDelegate.swift */; };
		52B834561DBF71ED00C6D88E /* ViewController.swift in Sources */ = {isa = PBXBuildFile; fileRef = 52B834551DBF71ED00C6D88E /* ViewController.swift */; };
		52B834591DBF71ED00C6D88E /* Main.storyboard in Resources */ = {isa = PBXBuildFile; fileRef = 52B834571DBF71ED00C6D88E /* Main.storyboard */; };
		52B8345C1DBF71EE00C6D88E /* AlbumAPP.xcdatamodeld in Sources */ = {isa = PBXBuildFile; fileRef = 52B8345A1DBF71ED00C6D88E /* AlbumAPP.xcdatamodeld */; };
		52B8345E1DBF71EE00C6D88E /* Assets.xcassets in Resources */ = {isa = PBXBuildFile; fileRef = 52B8345D1DBF71EE00C6D88E /* Assets.xcassets */; };
		52B834611DBF71EE00C6D88E /* LaunchScreen.storyboard in Resources */ = {isa = PBXBuildFile; fileRef = 52B8345F1DBF71EE00C6D88E /* LaunchScreen.storyboard */; };
		52B834691DBF742000C6D88E /* MobileCoreServices.framework in Frameworks */ = {isa = PBXBuildFile; fileRef = 52B834681DBF742000C6D88E /* MobileCoreServices.framework */; };
/* End PBXBuildFile section */

/* Begin PBXFileReference section */
		52B834501DBF71ED00C6D88E /* AlbumAPP.app */ = {isa = PBXFileReference; explicitFileType = wrapper.application; includeInIndex = 0; path = AlbumAPP.app; sourceTree = BUILT_PRODUCTS_DIR; };
		52B834531DBF71ED00C6D88E /* AppDelegate.swift */ = {isa = PBXFileReference; lastKnownFileType = sourcecode.swift; path = AppDelegate.swift; sourceTree = "<group>"; };
		52B834551DBF71ED00C6D88E /* ViewController.swift */ = {isa = PBXFileReference; lastKnownFileType = sourcecode.swift; path = ViewController.swift; sourceTree = "<group>"; };
		52B834581DBF71ED00C6D88E /* Base */ = {isa = PBXFileReference; lastKnownFileType = file.storyboard; name = Base; path = Base.lproj/Main.storyboard; sourceTree = "<group>"; };
		52B8345B1DBF71ED00C6D88E /* AlbumAPP.xcdatamodel */ = {isa = PBXFileReference; lastKnownFileType = wrapper.xcdatamodel; path = AlbumAPP.xcdatamodel; sourceTree = "<group>"; };
		52B8345D1DBF71EE00C6D88E /* Assets.xcassets */ = {isa = PBXFileReference; lastKnownFileType = folder.assetcatalog; path = Assets.xcassets; sourceTree = "<group>"; };
		52B834601DBF71EE00C6D88E /* Base */ = {isa = PBXFileReference; lastKnownFileType = file.storyboard; name = Base; path = Base.lproj/LaunchScreen.storyboard; sourceTree = "<group>"; };
		52B834621DBF71EE00C6D88E /* Info.plist */ = {isa = PBXFileReference; lastKnownFileType = text.plist.xml; path = Info.plist; sourceTree = "<group>"; };
		52B834681DBF742000C6D88E /* MobileCoreServices.framework */ = {isa = PBXFileReference; lastKnownFileType = wrapper.framework; name = MobileCoreServices.framework; path = System/Library/Frameworks/MobileCoreServices.framework; sourceTree = SDKROOT; };
/* End PBXFileReference section */

/* Begin PBXFrameworksBuildPhase section */
		52B8344D1DBF71ED00C6D88E /* Frameworks */ = {
			isa = PBXFrameworksBuildPhase;
			buildActionMask = 2147483647;
			files = (
				52B834691DBF742000C6D88E /* MobileCoreServices.framework in Frameworks */,
			);
			runOnlyForDeploymentPostprocessing = 0;
		};
/* End PBXFrameworksBuildPhase section */

/* Begin PBXGroup section */
		52B834471DBF71ED00C6D88E = {
			isa = PBXGroup;
			children = (
				52B834681DBF742000C6D88E /* MobileCoreServices.framework */,
				52B834521DBF71ED00C6D88E /* AlbumAPP */,
				52B834511DBF71ED00C6D88E /* Products */,
			);
			sourceTree = "<group>";
		};
		52B834511DBF71ED00C6D88E /* Products */ = {
			isa = PBXGroup;
			children = (
				52B834501DBF71ED00C6D88E /* AlbumAPP.app */,
			);
			name = Products;
			sourceTree = "<group>";
		};
		52B834521DBF71ED00C6D88E /* AlbumAPP */ = {
			isa = PBXGroup;
			children = (
				52B834531DBF71ED00C6D88E /* AppDelegate.swift */,
				52B834551DBF71ED00C6D88E /* ViewController.swift */,
				52B834571DBF71ED00C6D88E /* Main.storyboard */,
				52B8345D1DBF71EE00C6D88E /* Assets.xcassets */,
				52B8345F1DBF71EE00C6D88E /* LaunchScreen.storyboard */,
				52B834621DBF71EE00C6D88E /* Info.plist */,
				52B8345A1DBF71ED00C6D88E /* AlbumAPP.xcdatamodeld */,
			);
			path = AlbumAPP;
			sourceTree = "<group>";
		};
/* End PBXGroup section */

/* Begin PBXNativeTarget section */
		52B8344F1DBF71ED00C6D88E /* AlbumAPP */ = {
			isa = PBXNativeTarget;
			buildConfigurationList = 52B834651DBF71EE00C6D88E /* Build configuration list for PBXNativeTarget "AlbumAPP" */;
			buildPhases = (
				52B8344C1DBF71ED00C6D88E /* Sources */,
				52B8344D1DBF71ED00C6D88E /* Frameworks */,
				52B8344E1DBF71ED00C6D88E /* Resources */,
			);
			buildRules = (
			);
			dependencies = (
			);
			name = AlbumAPP;
			productName = AlbumAPP;
			productReference = 52B834501DBF71ED00C6D88E /* AlbumAPP.app */;
			productType = "com.apple.product-type.application";
		};
/* End PBXNativeTarget section */

/* Begin PBXProject section */
		52B834481DBF71ED00C6D88E /* Project object */ = {
			isa = PBXProject;
			attributes = {
				LastSwiftUpdateCheck = 0730;
				LastUpgradeCheck = 0730;
				ORGANIZATIONNAME = TK;
				TargetAttributes = {
					52B8344F1DBF71ED00C6D88E = {
						CreatedOnToolsVersion = 7.3;
						LastSwiftMigration = 0830;
					};
				};
			};
			buildConfigurationList = 52B8344B1DBF71ED00C6D88E /* Build configuration list for PBXProject "AlbumAPP" */;
			compatibilityVersion = "Xcode 3.2";
			developmentRegion = English;
			hasScannedForEncodings = 0;
			knownRegions = (
				en,
				Base,
			);
			mainGroup = 52B834471DBF71ED00C6D88E;
			productRefGroup = 52B834511DBF71ED00C6D88E /* Products */;
			projectDirPath = "";
			projectRoot = "";
			targets = (
				52B8344F1DBF71ED00C6D88E /* AlbumAPP */,
			);
		};
/* End PBXProject section */

/* Begin PBXResourcesBuildPhase section */
		52B8344E1DBF71ED00C6D88E /* Resources */ = {
			isa = PBXResourcesBuildPhase;
			buildActionMask = 2147483647;
			files = (
				52B834611DBF71EE00C6D88E /* LaunchScreen.storyboard in Resources */,
				52B8345E1DBF71EE00C6D88E /* Assets.xcassets in Resources */,
				52B834591DBF71ED00C6D88E /* Main.storyboard in Resources */,
			);
			runOnlyForDeploymentPostprocessing = 0;
		};
/* End PBXResourcesBuildPhase section */

/* Begin PBXSourcesBuildPhase section */
		52B8344C1DBF71ED00C6D88E /* Sources */ = {
			isa = PBXSourcesBuildPhase;
			buildActionMask = 2147483647;
			files = (
				52B8345C1DBF71EE00C6D88E /* AlbumAPP.xcdatamodeld in Sources */,
				52B834561DBF71ED00C6D88E /* ViewController.swift in Sources */,
				52B834541DBF71ED00C6D88E /* AppDelegate.swift in Sources */,
			);
			runOnlyForDeploymentPostprocessing = 0;
		};
/* End PBXSourcesBuildPhase section */

/* Begin PBXVariantGroup section */
		52B834571DBF71ED00C6D88E /* Main.storyboard */ = {
			isa = PBXVariantGroup;
			children = (
				52B834581DBF71ED00C6D88E /* Base */,
			);
			name = Main.storyboard;
			sourceTree = "<group>";
		};
		52B8345F1DBF71EE00C6D88E /* LaunchScreen.storyboard */ = {
			isa = PBXVariantGroup;
			children = (
				52B834601DBF71EE00C6D88E /* Base */,
			);
			name = LaunchScreen.storyboard;
			sourceTree = "<group>";
		};
/* End PBXVariantGroup section */

/* Begin XCBuildConfiguration section */
		52B834631DBF71EE00C6D88E /* Debug */ = {
			isa = XCBuildConfiguration;
			buildSettings = {
				ALWAYS_SEARCH_USER_PATHS = NO;
				CLANG_ANALYZER_NONNULL = YES;
				CLANG_CXX_LANGUAGE_STANDARD = "gnu++0x";
				CLANG_CXX_LIBRARY = "libc++";
				CLANG_ENABLE_MODULES = YES;
				CLANG_ENABLE_OBJC_ARC = YES;
				CLANG_WARN_BOOL_CONVERSION = YES;
				CLANG_WARN_CONSTANT_CONVERSION = YES;
				CLANG_WARN_DIRECT_OBJC_ISA_USAGE = YES_ERROR;
				CLANG_WARN_EMPTY_BODY = YES;
				CLANG_WARN_ENUM_CONVERSION = YES;
				CLANG_WARN_INT_CONVERSION = YES;
				CLANG_WARN_OBJC_ROOT_CLASS = YES_ERROR;
				CLANG_WARN_UNREACHABLE_CODE = YES;
				CLANG_WARN__DUPLICATE_METHOD_MATCH = YES;
				"CODE_SIGN_IDENTITY[sdk=iphoneos*]" = "iPhone Developer";
				COPY_PHASE_STRIP = NO;
				DEBUG_INFORMATION_FORMAT = dwarf;
				ENABLE_STRICT_OBJC_MSGSEND = YES;
				ENABLE_TESTABILITY = YES;
				GCC_C_LANGUAGE_STANDARD = gnu99;
				GCC_DYNAMIC_NO_PIC = NO;
				GCC_NO_COMMON_BLOCKS = YES;
				GCC_OPTIMIZATION_LEVEL = 0;
				GCC_PREPROCESSOR_DEFINITIONS = (
					"DEBUG=1",
					"$(inherited)",
				);
				GCC_WARN_64_TO_32_BIT_CONVERSION = YES;
				GCC_WARN_ABOUT_RETURN_TYPE = YES_ERROR;
				GCC_WARN_UNDECLARED_SELECTOR = YES;
				GCC_WARN_UNINITIALIZED_AUTOS = YES_AGGRESSIVE;
				GCC_WARN_UNUSED_FUNCTION = YES;
				GCC_WARN_UNUSED_VARIABLE = YES;
				IPHONEOS_DEPLOYMENT_TARGET = 9.3;
				MTL_ENABLE_DEBUG_INFO = YES;
				ONLY_ACTIVE_ARCH = YES;
				SDKROOT = iphoneos;
				SWIFT_OPTIMIZATION_LEVEL = "-Onone";
			};
			name = Debug;
		};
		52B834641DBF71EE00C6D88E /* Release */ = {
			isa = XCBuildConfiguration;
			buildSettings = {
				ALWAYS_SEARCH_USER_PATHS = NO;
				CLANG_ANALYZER_NONNULL = YES;
				CLANG_CXX_LANGUAGE_STANDARD = "gnu++0x";
				CLANG_CXX_LIBRARY = "libc++";
				CLANG_ENABLE_MODULES = YES;
				CLANG_ENABLE_OBJC_ARC = YES;
				CLANG_WARN_BOOL_CONVERSION = YES;
				CLANG_WARN_CONSTANT_CONVERSION = YES;
				CLANG_WARN_DIRECT_OBJC_ISA_USAGE = YES_ERROR;
				CLANG_WARN_EMPTY_BODY = YES;
				CLANG_WARN_ENUM_CONVERSION = YES;
				CLANG_WARN_INT_CONVERSION = YES;
				CLANG_WARN_OBJC_ROOT_CLASS = YES_ERROR;
				CLANG_WARN_UNREACHABLE_CODE = YES;
				CLANG_WARN__DUPLICATE_METHOD_MATCH = YES;
				"CODE_SIGN_IDENTITY[sdk=iphoneos*]" = "iPhone Developer";
				COPY_PHASE_STRIP = NO;
				DEBUG_INFORMATION_FORMAT = "dwarf-with-dsym";
				ENABLE_NS_ASSERTIONS = NO;
				ENABLE_STRICT_OBJC_MSGSEND = YES;
				GCC_C_LANGUAGE_STANDARD = gnu99;
				GCC_NO_COMMON_BLOCKS = YES;
				GCC_WARN_64_TO_32_BIT_CONVERSION = YES;
				GCC_WARN_ABOUT_RETURN_TYPE = YES_ERROR;
				GCC_WARN_UNDECLARED_SELECTOR = YES;
				GCC_WARN_UNINITIALIZED_AUTOS = YES_AGGRESSIVE;
				GCC_WARN_UNUSED_FUNCTION = YES;
				GCC_WARN_UNUSED_VARIABLE = YES;
				IPHONEOS_DEPLOYMENT_TARGET = 9.3;
				MTL_ENABLE_DEBUG_INFO = NO;
				SDKROOT = iphoneos;
				VALIDATE_PRODUCT = YES;
			};
			name = Release;
		};
		52B834661DBF71EE00C6D88E /* Debug */ = {
			isa = XCBuildConfiguration;
			buildSettings = {
				ASSETCATALOG_COMPILER_APPICON_NAME = AppIcon;
				INFOPLIST_FILE = AlbumAPP/Info.plist;
				LD_RUNPATH_SEARCH_PATHS = "$(inherited) @executable_path/Frameworks";
				PRODUCT_BUNDLE_IDENTIFIER = TK.AlbumAPP;
				PRODUCT_NAME = "$(TARGET_NAME)";
				SWIFT_VERSION = 3.0;
			};
			name = Debug;
		};
		52B834671DBF71EE00C6D88E /* Release */ = {
			isa = XCBuildConfiguration;
			buildSettings = {
				ASSETCATALOG_COMPILER_APPICON_NAME = AppIcon;
				INFOPLIST_FILE = AlbumAPP/Info.plist;
				LD_RUNPATH_SEARCH_PATHS = "$(inherited) @executable_path/Frameworks";
				PRODUCT_BUNDLE_IDENTIFIER = TK.AlbumAPP;
				PRODUCT_NAME = "$(TARGET_NAME)";
				SWIFT_VERSION = 3.0;
			};
			name = Release;
		};
/* End XCBuildConfiguration section */

/* Begin XCConfigurationList section */
		52B8344B1DBF71ED00C6D88E /* Build configuration list for PBXProject "AlbumAPP" */ = {
			isa = XCConfigurationList;
			buildConfigurations = (
				52B834631DBF71EE00C6D88E /* Debug */,
				52B834641DBF71EE00C6D88E /* Release */,
			);
			defaultConfigurationIsVisible = 0;
			defaultConfigurationName = Release;
		};
		52B834651DBF71EE00C6D88E /* Build configuration list for PBXNativeTarget "AlbumAPP" */ = {
			isa = XCConfigurationList;
			buildConfigurations = (
				52B834661DBF71EE00C6D88E /* Debug */,
				52B834671DBF71EE00C6D88E /* Release */,
			);
			defaultConfigurationIsVisible = 0;
			defaultConfigurationName = Release;
		};
/* End XCConfigurationList section */

/* Begin XCVersionGroup section */
		52B8345A1DBF71ED00C6D88E /* AlbumAPP.xcdatamodeld */ = {
			isa = XCVersionGroup;
			children = (
				52B8345B1DBF71ED00C6D88E /* AlbumAPP.xcdatamodel */,
			);
			currentVersion = 52B8345B1DBF71ED00C6D88E /* AlbumAPP.xcdatamodel */;
			path = AlbumAPP.xcdatamodeld;
			sourceTree = "<group>";
			versionGroupType = wrapper.xcdatamodel;
		};
/* End XCVersionGroup section */
	};
	rootObject = 52B834481DBF71ED00C6D88E /* Project object */;
}
